
Microsoft Visual Studio Solution File, Format Version 12.00
# Visual Studio Version 17
VisualStudioVersion = 17.4.33213.308
MinimumVisualStudioVersion = 10.0.40219.1
Project("{9A19103F-16F7-4668-BE54-9A1E7A4F7556}") = "Demo.API", "Demo.API\Demo.API.csproj", "{511AE448-C5BD-4D78-9436-DAB9C917B3D7}"
EndProject
Project("{9A19103F-16F7-4668-BE54-9A1E7A4F7556}") = "Demo.BLL", "Demo.BLL\Demo.BLL.csproj", "{E043AC8B-8720-4525-A5D4-0E7A8EB7EA58}"
EndProject
Project("{9A19103F-16F7-4668-BE54-9A1E7A4F7556}") = "Demo.Domain", "Demo.Domain\Demo.Domain.csproj", "{28E1FA38-3848-4E1D-BB84-B812B54D486D}"
EndProject
Project("{9A19103F-16F7-4668-BE54-9A1E7A4F7556}") = "Demo.Infrastructure", "Demo.Infrastructure\Demo.Infrastructure.csproj", "{0C541219-333F-4A6A-AFBC-E4B9E25CF8FF}"
EndProject
Project("{9A19103F-16F7-4668-BE54-9A1E7A4F7556}") = "Demo.Integration", "Demo.Integrations\Demo.Integration.csproj", "{4862D877-8E43-457C-AFD5-0810CC86DAB2}"
EndProject
Global
	GlobalSection(SolutionConfigurationPlatforms) = preSolution
		Debug|Any CPU = Debug|Any CPU
		Release|Any CPU = Release|Any CPU
	EndGlobalSection
	GlobalSection(ProjectConfigurationPlatforms) = postSolution
		{511AE448-C5BD-4D78-9436-DAB9C917B3D7}.Debug|Any CPU.ActiveCfg = Debug|Any CPU
		{511AE448-C5BD-4D78-9436-DAB9C917B3D7}.Debug|Any CPU.Build.0 = Debug|Any CPU
		{511AE448-C5BD-4D78-9436-DAB9C917B3D7}.Release|Any CPU.ActiveCfg = Release|Any CPU
		{511AE448-C5BD-4D78-9436-DAB9C917B3D7}.Release|Any CPU.Build.0 = Release|Any CPU
		{E043AC8B-8720-4525-A5D4-0E7A8EB7EA58}.Debug|Any CPU.ActiveCfg = Debug|Any CPU
		{E043AC8B-8720-4525-A5D4-0E7A8EB7EA58}.Debug|Any CPU.Build.0 = Debug|Any CPU
		{E043AC8B-8720-4525-A5D4-0E7A8EB7EA58}.Release|Any CPU.ActiveCfg = Release|Any CPU
		{E043AC8B-8720-4525-A5D4-0E7A8EB7EA58}.Release|Any CPU.Build.0 = Release|Any CPU
		{28E1FA38-3848-4E1D-BB84-B812B54D486D}.Debug|Any CPU.ActiveCfg = Debug|Any CPU
		{28E1FA38-3848-4E1D-BB84-B812B54D486D}.Debug|Any CPU.Build.0 = Debug|Any CPU
		{28E1FA38-3848-4E1D-BB84-B812B54D486D}.Release|Any CPU.ActiveCfg = Release|Any CPU
		{28E1FA38-3848-4E1D-BB84-B812B54D486D}.Release|Any CPU.Build.0 = Release|Any CPU
		{0C541219-333F-4A6A-AFBC-E4B9E25CF8FF}.Debug|Any CPU.ActiveCfg = Debug|Any CPU
		{0C541219-333F-4A6A-AFBC-E4B9E25CF8FF}.Debug|Any CPU.Build.0 = Debug|Any CPU
		{0C541219-333F-4A6A-AFBC-E4B9E25CF8FF}.Release|Any CPU.ActiveCfg = Release|Any CPU
		{0C541219-333F-4A6A-AFBC-E4B9E25CF8FF}.Release|Any CPU.Build.0 = Release|Any CPU
		{4862D877-8E43-457C-AFD5-0810CC86DAB2}.Debug|Any CPU.ActiveCfg = Debug|Any CPU
		{4862D877-8E43-457C-AFD5-0810CC86DAB2}.Debug|Any CPU.Build.0 = Debug|Any CPU
		{4862D877-8E43-457C-AFD5-0810CC86DAB2}.Release|Any CPU.ActiveCfg = Release|Any CPU
		{4862D877-8E43-457C-AFD5-0810CC86DAB2}.Release|Any CPU.Build.0 = Release|Any CPU
	EndGlobalSection
	GlobalSection(SolutionProperties) = preSolution
		HideSolutionNode = FALSE
	EndGlobalSection
	GlobalSection(ExtensibilityGlobals) = postSolution
		SolutionGuid = {36E152ED-6A6A-4E12-B0FB-F0D1E2419FB7}
	EndGlobalSection
EndGlobal
